# -------------------------------------------------------------------------- #
#
# Copyright (C) 1991-2009 Altera Corporation
# Your use of Altera Corporation's design tools, logic functions 
# and other software and tools, and its AMPP partner logic 
# functions, and any output files from any of the foregoing 
# (including device programming or simulation files), and any 
# associated documentation or information are expressly subject 
# to the terms and conditions of the Altera Program License 
# Subscription Agreement, Altera MegaCore Function License 
# Agreement, or other applicable license agreement, including, 
# without limitation, that your use is for the sole purpose of 
# programming logic devices manufactured by Altera and sold by 
# Altera or its authorized distributors.  Please refer to the 
# applicable agreement for further details.
#
# -------------------------------------------------------------------------- #
#
# Quartus II
# Version 9.0 Build 132 02/25/2009 SJ Full Version
# Date created = 21:03:57  April 10, 2019
#
# -------------------------------------------------------------------------- #
#
# Notes:
#
# 1) The default values for assignments are stored in the file:
#		SRAM_TEST_assignment_defaults.qdf
#    If this file doesn't exist, see file:
#		assignment_defaults.qdf
#
# 2) Altera recommends that you do not modify this file. This
#    file is updated automatically by the Quartus II software
#    and any changes you make may be lost or overwritten.
#
# -------------------------------------------------------------------------- #


set_global_assignment -name FAMILY "Cyclone II"
set_global_assignment -name DEVICE EP2C35F672C6
set_global_assignment -name TOP_LEVEL_ENTITY SRAM_SOC
set_global_assignment -name ORIGINAL_QUARTUS_VERSION 9.0
set_global_assignment -name PROJECT_CREATION_TIME_DATE "21:03:57  APRIL 10, 2019"
set_global_assignment -name LAST_QUARTUS_VERSION 9.0
set_global_assignment -name VERILOG_FILE sram_control/src/avalon_wrapper.v
set_global_assignment -name VERILOG_FILE sram_control/src/sram_ctrl.v
set_global_assignment -name VERILOG_FILE SRAM_SOC.v
set_location_assignment PIN_T6 -to DRAM_ADDR[0]
set_location_assignment PIN_V4 -to DRAM_ADDR[1]
set_location_assignment PIN_V3 -to DRAM_ADDR[2]
set_location_assignment PIN_W2 -to DRAM_ADDR[3]
set_location_assignment PIN_W1 -to DRAM_ADDR[4]
set_location_assignment PIN_U6 -to DRAM_ADDR[5]
set_location_assignment PIN_U7 -to DRAM_ADDR[6]
set_location_assignment PIN_U5 -to DRAM_ADDR[7]
set_location_assignment PIN_W4 -to DRAM_ADDR[8]
set_location_assignment PIN_W3 -to DRAM_ADDR[9]
set_location_assignment PIN_Y1 -to DRAM_ADDR[10]
set_location_assignment PIN_V5 -to DRAM_ADDR[11]
set_location_assignment PIN_AE2 -to DRAM_BA_0
set_location_assignment PIN_AE3 -to DRAM_BA_1
set_location_assignment PIN_AB3 -to DRAM_CAS_N
set_location_assignment PIN_AA6 -to DRAM_CKE
set_location_assignment PIN_AA7 -to DRAM_CLK
set_location_assignment PIN_AC3 -to DRAM_CS_N
set_location_assignment PIN_V6 -to DRAM_DQ[0]
set_location_assignment PIN_AA2 -to DRAM_DQ[1]
set_location_assignment PIN_AA1 -to DRAM_DQ[2]
set_location_assignment PIN_Y3 -to DRAM_DQ[3]
set_location_assignment PIN_Y4 -to DRAM_DQ[4]
set_location_assignment PIN_R8 -to DRAM_DQ[5]
set_location_assignment PIN_T8 -to DRAM_DQ[6]
set_location_assignment PIN_V7 -to DRAM_DQ[7]
set_location_assignment PIN_W6 -to DRAM_DQ[8]
set_location_assignment PIN_AB2 -to DRAM_DQ[9]
set_location_assignment PIN_AB1 -to DRAM_DQ[10]
set_location_assignment PIN_AA4 -to DRAM_DQ[11]
set_location_assignment PIN_AA3 -to DRAM_DQ[12]
set_location_assignment PIN_AC2 -to DRAM_DQ[13]
set_location_assignment PIN_AC1 -to DRAM_DQ[14]
set_location_assignment PIN_AA5 -to DRAM_DQ[15]
set_location_assignment PIN_AD2 -to DRAM_LDQM
set_location_assignment PIN_Y5 -to DRAM_UDQM
set_location_assignment PIN_AB4 -to DRAM_RAS_N
set_location_assignment PIN_AD3 -to DRAM_WE_N
set_location_assignment PIN_G26 -to KEY[0]
set_location_assignment PIN_N23 -to KEY[1]
set_location_assignment PIN_P23 -to KEY[2]
set_location_assignment PIN_W26 -to KEY[3]
set_location_assignment PIN_AE22 -to LEDG[0]
set_location_assignment PIN_AF22 -to LEDG[1]
set_location_assignment PIN_W19 -to LEDG[2]
set_location_assignment PIN_V18 -to LEDG[3]
set_location_assignment PIN_U18 -to LEDG[4]
set_location_assignment PIN_U17 -to LEDG[5]
set_location_assignment PIN_AA20 -to LEDG[6]
set_location_assignment PIN_Y18 -to LEDG[7]
set_location_assignment PIN_Y12 -to LEDG[8]
set_location_assignment PIN_N2 -to CLOCK_50
set_location_assignment PIN_D17 -to ENET_DATA[0]
set_location_assignment PIN_C17 -to ENET_DATA[1]
set_location_assignment PIN_B18 -to ENET_DATA[2]
set_location_assignment PIN_A18 -to ENET_DATA[3]
set_location_assignment PIN_B17 -to ENET_DATA[4]
set_location_assignment PIN_A17 -to ENET_DATA[5]
set_location_assignment PIN_B16 -to ENET_DATA[6]
set_location_assignment PIN_B15 -to ENET_DATA[7]
set_location_assignment PIN_B20 -to ENET_DATA[8]
set_location_assignment PIN_A20 -to ENET_DATA[9]
set_location_assignment PIN_C19 -to ENET_DATA[10]
set_location_assignment PIN_D19 -to ENET_DATA[11]
set_location_assignment PIN_B19 -to ENET_DATA[12]
set_location_assignment PIN_A19 -to ENET_DATA[13]
set_location_assignment PIN_E18 -to ENET_DATA[14]
set_location_assignment PIN_D18 -to ENET_DATA[15]
set_location_assignment PIN_B24 -to ENET_CLK
set_location_assignment PIN_A21 -to ENET_CMD
set_location_assignment PIN_A23 -to ENET_CS_N
set_location_assignment PIN_B21 -to ENET_INT
set_location_assignment PIN_A22 -to ENET_RD_N
set_location_assignment PIN_B22 -to ENET_WR_N
set_location_assignment PIN_B23 -to ENET_RST_N
set_location_assignment PIN_M21 -to s_addr[9]
set_location_assignment PIN_N20 -to s_addr[8]
set_location_assignment PIN_M25 -to s_addr[7]
set_location_assignment PIN_M24 -to s_addr[6]
set_location_assignment PIN_P24 -to s_addr[5]
set_location_assignment PIN_N24 -to s_addr[4]
set_location_assignment PIN_R24 -to s_addr[3]
set_location_assignment PIN_R25 -to s_addr[2]
set_location_assignment PIN_T22 -to s_addr[1]
set_location_assignment PIN_R20 -to s_addr[0]
set_location_assignment PIN_T24 -to s_wen
set_location_assignment PIN_T23 -to s_cen
set_location_assignment PIN_T18 -to s_clk
set_location_assignment PIN_T25 -to s_oen
set_location_assignment PIN_T20 -to s_qdata[4]
set_location_assignment PIN_T21 -to s_ddata[4]
set_location_assignment PIN_U25 -to s_qdata[5]
set_location_assignment PIN_U26 -to s_ddata[5]
set_location_assignment PIN_U24 -to s_qdata[6]
set_location_assignment PIN_U23 -to s_ddata[6]
set_location_assignment PIN_T19 -to s_qdata[7]
set_location_assignment PIN_R19 -to s_ddata[7]
set_location_assignment PIN_U21 -to s_qdata[0]
set_location_assignment PIN_U20 -to s_ddata[0]
set_location_assignment PIN_V25 -to s_qdata[1]
set_location_assignment PIN_V26 -to s_ddata[1]
set_location_assignment PIN_V23 -to s_qdata[2]
set_location_assignment PIN_V24 -to s_ddata[2]
set_location_assignment PIN_W23 -to s_qdata[3]
set_location_assignment PIN_W25 -to s_ddata[3]
set_global_assignment -name PARTITION_NETLIST_TYPE SOURCE -section_id Top
set_global_assignment -name PARTITION_COLOR 16764057 -section_id Top
set_global_assignment -name LL_ROOT_REGION ON -section_id "Root Region"
set_global_assignment -name LL_MEMBER_STATE LOCKED -section_id "Root Region"
set_instance_assignment -name PARTITION_HIERARCHY root_partition -to | -section_id Top
set_global_assignment -name MIN_CORE_JUNCTION_TEMP 0
set_global_assignment -name MAX_CORE_JUNCTION_TEMP 85
set_global_assignment -name QIP_FILE SDRAM_PLL.qip
set_global_assignment -name QIP_FILE system0.qip
set_global_assignment -name MISC_FILE "D:/sram_test/sram_sip_16/sram_sip_quartus/SRAM_TEST.dpf"